Microsoft Visual Studio Solution File, Format Version 11.00
# Visual Studio 2008

Project("{84C992F1-D25A-FD7E-2610-B6BA23CA1006}") = "AR4ER", "Assembly-CSharp-firstpass-vs.csproj", "{F47DB298-2043-DDF3-C72F-FDB6A7B4FCA2}"
EndProject
Project("{84C992F1-D25A-FD7E-2610-B6BA23CA1006}") = "AR4ER", "Assembly-CSharp-vs.csproj", "{88166D4F-5C88-FFCC-EA06-310FD3452EF5}"
EndProject
Project("{84C992F1-D25A-FD7E-2610-B6BA23CA1006}") = "AR4ER", "Assembly-CSharp-Editor-vs.csproj", "{AEBF7F55-38B3-F0C3-9AF3-D4E25ED8AF53}"
EndProject
Global
	GlobalSection(SolutionConfigurationPlatforms) = preSolution
		Debug|Any CPU = Debug|Any CPU
		Release|Any CPU = Release|Any CPU
	EndGlobalSection
	GlobalSection(ProjectConfigurationPlatforms) = postSolution
		{F47DB298-2043-DDF3-C72F-FDB6A7B4FCA2}.Debug|Any CPU.ActiveCfg = Debug|Any CPU
		{F47DB298-2043-DDF3-C72F-FDB6A7B4FCA2}.Debug|Any CPU.Build.0 = Debug|Any CPU
		{F47DB298-2043-DDF3-C72F-FDB6A7B4FCA2}.Release|Any CPU.ActiveCfg = Release|Any CPU
		{F47DB298-2043-DDF3-C72F-FDB6A7B4FCA2}.Release|Any CPU.Build.0 = Release|Any CPU
		{88166D4F-5C88-FFCC-EA06-310FD3452EF5}.Debug|Any CPU.ActiveCfg = Debug|Any CPU
		{88166D4F-5C88-FFCC-EA06-310FD3452EF5}.Debug|Any CPU.Build.0 = Debug|Any CPU
		{88166D4F-5C88-FFCC-EA06-310FD3452EF5}.Release|Any CPU.ActiveCfg = Release|Any CPU
		{88166D4F-5C88-FFCC-EA06-310FD3452EF5}.Release|Any CPU.Build.0 = Release|Any CPU
		{AEBF7F55-38B3-F0C3-9AF3-D4E25ED8AF53}.Debug|Any CPU.ActiveCfg = Debug|Any CPU
		{AEBF7F55-38B3-F0C3-9AF3-D4E25ED8AF53}.Debug|Any CPU.Build.0 = Debug|Any CPU
		{AEBF7F55-38B3-F0C3-9AF3-D4E25ED8AF53}.Release|Any CPU.ActiveCfg = Release|Any CPU
		{AEBF7F55-38B3-F0C3-9AF3-D4E25ED8AF53}.Release|Any CPU.Build.0 = Release|Any CPU
	EndGlobalSection
	GlobalSection(SolutionProperties) = preSolution
		HideSolutionNode = FALSE
	EndGlobalSection
															GlobalSection(MonoDevelopProperties) = preSolution
		StartupItem = Assembly-CSharp.csproj
		Policies = $0
		$0.TextStylePolicy = $1
		$1.inheritsSet = null
		$1.scope = text/x-csharp
		$0.CSharpFormattingPolicy = $2
		$2.inheritsSet = Mono
		$2.inheritsScope = text/x-csharp
		$2.scope = text/x-csharp
		$0.TextStylePolicy = $3
		$3.FileWidth = 120
		$3.TabWidth = 4
		$3.EolMarker = Unix
		$3.inheritsSet = Mono
		$3.inheritsScope = text/plain
		$3.scope = text/plain
	EndGlobalSection

EndGlobal
